<Solution>
  <Project Path="AppEncryption.IntegrationTests/AppEncryption.IntegrationTests.csproj" />
  <Project Path="AppEncryption.Tests/AppEncryption.Tests.csproj" />
  <Project Path="AppEncryption/AppEncryption.csproj" />
  <Project Path="AppEncryption.Extensions.Aws/AppEncryption.Extensions.Aws.csproj" />
  <Project Path="Crypto/Crypto.csproj" />
</Solution>
